// !$*UTF8*$!
{
	archiveVersion = 1;
	classes = {
	};
	objectVersion = 77;
	objects = {

/* Begin PBXBuildFile section */
		01383A6D2DC2C4A3005AE9A4 /* .gitignore in Resources */ = {isa = PBXBuildFile; fileRef = 01383A6C2DC2C49A005AE9A4 /* .gitignore */; };
/* End PBXBuildFile section */

/* Begin PBXContainerItemProxy section */
		016AAC672D66711A00D1F962 /* PBXContainerItemProxy */ = {
			isa = PBXContainerItemProxy;
			containerPortal = 016AAC4E2D66711800D1F962 /* Project object */;
			proxyType = 1;
			remoteGlobalIDString = 016AAC552D66711800D1F962;
			remoteInfo = chatbot;
		};
		016AAC712D66711A00D1F962 /* PBXContainerItemProxy */ = {
			isa = PBXContainerItemProxy;
			containerPortal = 016AAC4E2D66711800D1F962 /* Project object */;
			proxyType = 1;
			remoteGlobalIDString = 016AAC552D66711800D1F962;
			remoteInfo = chatbot;
		};
/* End PBXContainerItemProxy section */

/* Begin PBXFileReference section */
		01383A6C2DC2C49A005AE9A4 /* .gitignore */ = {isa = PBXFileReference; lastKnownFileType = text; path = .gitignore; sourceTree = "<group>"; };
		016AAC562D66711800D1F962 /* ChatbotClient.app */ = {isa = PBXFileReference; explicitFileType = wrapper.application; includeInIndex = 0; path = ChatbotClient.app; sourceTree = BUILT_PRODUCTS_DIR; };
		016AAC662D66711A00D1F962 /* ChatbotClientTests.xctest */ = {isa = PBXFileReference; explicitFileType = wrapper.cfbundle; includeInIndex = 0; path = ChatbotClientTests.xctest; sourceTree = BUILT_PRODUCTS_DIR; };
		016AAC702D66711A00D1F962 /* ChatbotClientUITests.xctest */ = {isa = PBXFileReference; explicitFileType = wrapper.cfbundle; includeInIndex = 0; path = ChatbotClientUITests.xctest; sourceTree = BUILT_PRODUCTS_DIR; };
/* End PBXFileReference section */

/* Begin PBXFileSystemSynchronizedRootGroup section */
		016AAC582D66711800D1F962 /* ChatbotClient */ = {
			isa = PBXFileSystemSynchronizedRootGroup;
			path = ChatbotClient;
			sourceTree = "<group>";
		};
		016AAC692D66711A00D1F962 /* ChatbotClientTests */ = {
			isa = PBXFileSystemSynchronizedRootGroup;
			path = ChatbotClientTests;
			sourceTree = "<group>";
		};
		016AAC732D66711A00D1F962 /* ChatbotClientUITests */ = {
			isa = PBXFileSystemSynchronizedRootGroup;
			path = ChatbotClientUITests;
			sourceTree = "<group>";
		};
/* End PBXFileSystemSynchronizedRootGroup section */

/* Begin PBXFrameworksBuildPhase section */
		016AAC532D66711800D1F962 /* Frameworks */ = {
			isa = PBXFrameworksBuildPhase;
			buildActionMask = 2147483647;
			files = (
			);
			runOnlyForDeploymentPostprocessing = 0;
		};
		016AAC632D66711A00D1F962 /* Frameworks */ = {
			isa = PBXFrameworksBuildPhase;
			buildActionMask = 2147483647;
			files = (
			);
			runOnlyForDeploymentPostprocessing = 0;
		};
		016AAC6D2D66711A00D1F962 /* Frameworks */ = {
			isa = PBXFrameworksBuildPhase;
			buildActionMask = 2147483647;
			files = (
			);
			runOnlyForDeploymentPostprocessing = 0;
		};
/* End PBXFrameworksBuildPhase section */

/* Begin PBXGroup section */
		016AAC4D2D66711800D1F962 = {
			isa = PBXGroup;
			children = (
				01383A6C2DC2C49A005AE9A4 /* .gitignore */,
				016AAC582D66711800D1F962 /* ChatbotClient */,
				016AAC692D66711A00D1F962 /* ChatbotClientTests */,
				016AAC732D66711A00D1F962 /* ChatbotClientUITests */,
				016AAC572D66711800D1F962 /* Products */,
			);
			sourceTree = "<group>";
		};
		016AAC572D66711800D1F962 /* Products */ = {
			isa = PBXGroup;
			children = (
				016AAC562D66711800D1F962 /* ChatbotClient.app */,
				016AAC662D66711A00D1F962 /* ChatbotClientTests.xctest */,
				016AAC702D66711A00D1F962 /* ChatbotClientUITests.xctest */,
			);
			name = Products;
			sourceTree = "<group>";
		};
/* End PBXGroup section */

/* Begin PBXNativeTarget section */
		016AAC552D66711800D1F962 /* ChatbotClient */ = {
			isa = PBXNativeTarget;
			buildConfigurationList = 016AAC7A2D66711A00D1F962 /* Build configuration list for PBXNativeTarget "ChatbotClient" */;
			buildPhases = (
				016AAC522D66711800D1F962 /* Sources */,
				016AAC532D66711800D1F962 /* Frameworks */,
				016AAC542D66711800D1F962 /* Resources */,
			);
			buildRules = (
			);
			dependencies = (
			);
			fileSystemSynchronizedGroups = (
				016AAC582D66711800D1F962 /* ChatbotClient */,
			);
			name = ChatbotClient;
			packageProductDependencies = (
			);
			productName = chatbot;
			productReference = 016AAC562D66711800D1F962 /* ChatbotClient.app */;
			productType = "com.apple.product-type.application";
		};
		016AAC652D66711A00D1F962 /* ChatbotClientTests */ = {
			isa = PBXNativeTarget;
			buildConfigurationList = 016AAC7D2D66711A00D1F962 /* Build configuration list for PBXNativeTarget "ChatbotClientTests" */;
			buildPhases = (
				016AAC622D66711A00D1F962 /* Sources */,
				016AAC632D66711A00D1F962 /* Frameworks */,
				016AAC642D66711A00D1F962 /* Resources */,
			);
			buildRules = (
			);
			dependencies = (
				016AAC682D66711A00D1F962 /* PBXTargetDependency */,
			);
			fileSystemSynchronizedGroups = (
				016AAC692D66711A00D1F962 /* ChatbotClientTests */,
			);
			name = ChatbotClientTests;
			packageProductDependencies = (
			);
			productName = chatbotTests;
			productReference = 016AAC662D66711A00D1F962 /* ChatbotClientTests.xctest */;
			productType = "com.apple.product-type.bundle.unit-test";
		};
		016AAC6F2D66711A00D1F962 /* ChatbotClientUITests */ = {
			isa = PBXNativeTarget;
			buildConfigurationList = 016AAC802D66711A00D1F962 /* Build configuration list for PBXNativeTarget "ChatbotClientUITests" */;
			buildPhases = (
				016AAC6C2D66711A00D1F962 /* Sources */,
				016AAC6D2D66711A00D1F962 /* Frameworks */,
				016AAC6E2D66711A00D1F962 /* Resources */,
			);
			buildRules = (
			);
			dependencies = (
				016AAC722D66711A00D1F962 /* PBXTargetDependency */,
			);
			fileSystemSynchronizedGroups = (
				016AAC732D66711A00D1F962 /* ChatbotClientUITests */,
			);
			name = ChatbotClientUITests;
			packageProductDependencies = (
			);
			productName = chatbotUITests;
			productReference = 016AAC702D66711A00D1F962 /* ChatbotClientUITests.xctest */;
			productType = "com.apple.product-type.bundle.ui-testing";
		};
/* End PBXNativeTarget section */

/* Begin PBXProject section */
		016AAC4E2D66711800D1F962 /* Project object */ = {
			isa = PBXProject;
			attributes = {
				BuildIndependentTargetsInParallel = 1;
				LastSwiftUpdateCheck = 1620;
				LastUpgradeCheck = 1620;
				TargetAttributes = {
					016AAC552D66711800D1F962 = {
						CreatedOnToolsVersion = 16.2;
					};
					016AAC652D66711A00D1F962 = {
						CreatedOnToolsVersion = 16.2;
						TestTargetID = 016AAC552D66711800D1F962;
					};
					016AAC6F2D66711A00D1F962 = {
						CreatedOnToolsVersion = 16.2;
						TestTargetID = 016AAC552D66711800D1F962;
					};
				};
			};
			buildConfigurationList = 016AAC512D66711800D1F962 /* Build configuration list for PBXProject "ChatbotClient" */;
			developmentRegion = en;
			hasScannedForEncodings = 0;
			knownRegions = (
				en,
				Base,
			);
			mainGroup = 016AAC4D2D66711800D1F962;
			minimizedProjectReferenceProxies = 1;
			preferredProjectObjectVersion = 77;
			productRefGroup = 016AAC572D66711800D1F962 /* Products */;
			projectDirPath = "";
			projectRoot = "";
			targets = (
				016AAC552D66711800D1F962 /* ChatbotClient */,
				016AAC652D66711A00D1F962 /* ChatbotClientTests */,
				016AAC6F2D66711A00D1F962 /* ChatbotClientUITests */,
			);
		};
/* End PBXProject section */

/* Begin PBXResourcesBuildPhase section */
		016AAC542D66711800D1F962 /* Resources */ = {
			isa = PBXResourcesBuildPhase;
			buildActionMask = 2147483647;
			files = (
				01383A6D2DC2C4A3005AE9A4 /* .gitignore in Resources */,
			);
			runOnlyForDeploymentPostprocessing = 0;
		};
		016AAC642D66711A00D1F962 /* Resources */ = {
			isa = PBXResourcesBuildPhase;
			buildActionMask = 2147483647;
			files = (
			);
			runOnlyForDeploymentPostprocessing = 0;
		};
		016AAC6E2D66711A00D1F962 /* Resources */ = {
			isa = PBXResourcesBuildPhase;
			buildActionMask = 2147483647;
			files = (
			);
			runOnlyForDeploymentPostprocessing = 0;
		};
/* End PBXResourcesBuildPhase section */

/* Begin PBXSourcesBuildPhase section */
		016AAC522D66711800D1F962 /* Sources */ = {
			isa = PBXSourcesBuildPhase;
			buildActionMask = 2147483647;
			files = (
			);
			runOnlyForDeploymentPostprocessing = 0;
		};
		016AAC622D66711A00D1F962 /* Sources */ = {
			isa = PBXSourcesBuildPhase;
			buildActionMask = 2147483647;
			files = (
			);
			runOnlyForDeploymentPostprocessing = 0;
		};
		016AAC6C2D66711A00D1F962 /* Sources */ = {
			isa = PBXSourcesBuildPhase;
			buildActionMask = 2147483647;
			files = (
			);
			runOnlyForDeploymentPostprocessing = 0;
		};
/* End PBXSourcesBuildPhase section */

/* Begin PBXTargetDependency section */
		016AAC682D66711A00D1F962 /* PBXTargetDependency */ = {
			isa = PBXTargetDependency;
			target = 016AAC552D66711800D1F962 /* ChatbotClient */;
			targetProxy = 016AAC672D66711A00D1F962 /* PBXContainerItemProxy */;
		};
		016AAC722D66711A00D1F962 /* PBXTargetDependency */ = {
			isa = PBXTargetDependency;
			target = 016AAC552D66711800D1F962 /* ChatbotClient */;
			targetProxy = 016AAC712D66711A00D1F962 /* PBXContainerItemProxy */;
		};
/* End PBXTargetDependency section */

/* Begin XCBuildConfiguration section */
		016AAC782D66711A00D1F962 /* Debug */ = {
			isa = XCBuildConfiguration;
			buildSettings = {
				ALWAYS_SEARCH_USER_PATHS = NO;
				ASSETCATALOG_COMPILER_GENERATE_SWIFT_ASSET_SYMBOL_EXTENSIONS = YES;
				CLANG_ANALYZER_NONNULL = YES;
				CLANG_ANALYZER_NUMBER_OBJECT_CONVERSION = YES_AGGRESSIVE;
				CLANG_CXX_LANGUAGE_STANDARD = "gnu++20";
				CLANG_ENABLE_MODULES = YES;
				CLANG_ENABLE_OBJC_ARC = YES;
				CLANG_ENABLE_OBJC_WEAK = YES;
				CLANG_WARN_BLOCK_CAPTURE_AUTORELEASING = YES;
				CLANG_WARN_BOOL_CONVERSION = YES;
				CLANG_WARN_COMMA = YES;
				CLANG_WARN_CONSTANT_CONVERSION = YES;
				CLANG_WARN_DEPRECATED_OBJC_IMPLEMENTATIONS = YES;
				CLANG_WARN_DIRECT_OBJC_ISA_USAGE = YES_ERROR;
				CLANG_WARN_DOCUMENTATION_COMMENTS = YES;
				CLANG_WARN_EMPTY_BODY = YES;
				CLANG_WARN_ENUM_CONVERSION = YES;
				CLANG_WARN_INFINITE_RECURSION = YES;
				CLANG_WARN_INT_CONVERSION = YES;
				CLANG_WARN_NON_LITERAL_NULL_CONVERSION = YES;
				CLANG_WARN_OBJC_IMPLICIT_RETAIN_SELF = YES;
				CLANG_WARN_OBJC_LITERAL_CONVERSION = YES;
				CLANG_WARN_OBJC_ROOT_CLASS = YES_ERROR;
				CLANG_WARN_QUOTED_INCLUDE_IN_FRAMEWORK_HEADER = YES;
				CLANG_WARN_RANGE_LOOP_ANALYSIS = YES;
				CLANG_WARN_STRICT_PROTOTYPES = YES;
				CLANG_WARN_SUSPICIOUS_MOVE = YES;
				CLANG_WARN_UNGUARDED_AVAILABILITY = YES_AGGRESSIVE;
				CLANG_WARN_UNREACHABLE_CODE = YES;
				CLANG_WARN__DUPLICATE_METHOD_MATCH = YES;
				COPY_PHASE_STRIP = NO;
				DEBUG_INFORMATION_FORMAT = dwarf;
				ENABLE_STRICT_OBJC_MSGSEND = YES;
				ENABLE_TESTABILITY = YES;
				ENABLE_USER_SCRIPT_SANDBOXING = YES;
				GCC_C_LANGUAGE_STANDARD = gnu17;
				GCC_DYNAMIC_NO_PIC = NO;
				GCC_NO_COMMON_BLOCKS = YES;
				GCC_OPTIMIZATION_LEVEL = 0;
				GCC_PREPROCESSOR_DEFINITIONS = (
					"DEBUG=1",
					"$(inherited)",
				);
				GCC_WARN_64_TO_32_BIT_CONVERSION = YES;
				GCC_WARN_ABOUT_RETURN_TYPE = YES_ERROR;
				GCC_WARN_UNDECLARED_SELECTOR = YES;
				GCC_WARN_UNINITIALIZED_AUTOS = YES_AGGRESSIVE;
				GCC_WARN_UNUSED_FUNCTION = YES;
				GCC_WARN_UNUSED_VARIABLE = YES;
				IPHONEOS_DEPLOYMENT_TARGET = 18.2;
				LOCALIZATION_PREFERS_STRING_CATALOGS = YES;
				MTL_ENABLE_DEBUG_INFO = INCLUDE_SOURCE;
				MTL_FAST_MATH = YES;
				ONLY_ACTIVE_ARCH = YES;
				SDKROOT = iphoneos;
				SWIFT_ACTIVE_COMPILATION_CONDITIONS = "DEBUG $(inherited)";
				SWIFT_OPTIMIZATION_LEVEL = "-Onone";
			};
			name = Debug;
		};
		016AAC792D66711A00D1F962 /* Release */ = {
			isa = XCBuildConfiguration;
			buildSettings = {
				ALWAYS_SEARCH_USER_PATHS = NO;
				ASSETCATALOG_COMPILER_GENERATE_SWIFT_ASSET_SYMBOL_EXTENSIONS = YES;
				CLANG_ANALYZER_NONNULL = YES;
				CLANG_ANALYZER_NUMBER_OBJECT_CONVERSION = YES_AGGRESSIVE;
				CLANG_CXX_LANGUAGE_STANDARD = "gnu++20";
				CLANG_ENABLE_MODULES = YES;
				CLANG_ENABLE_OBJC_ARC = YES;
				CLANG_ENABLE_OBJC_WEAK = YES;
				CLANG_WARN_BLOCK_CAPTURE_AUTORELEASING = YES;
				CLANG_WARN_BOOL_CONVERSION = YES;
				CLANG_WARN_COMMA = YES;
				CLANG_WARN_CONSTANT_CONVERSION = YES;
				CLANG_WARN_DEPRECATED_OBJC_IMPLEMENTATIONS = YES;
				CLANG_WARN_DIRECT_OBJC_ISA_USAGE = YES_ERROR;
				CLANG_WARN_DOCUMENTATION_COMMENTS = YES;
				CLANG_WARN_EMPTY_BODY = YES;
				CLANG_WARN_ENUM_CONVERSION = YES;
				CLANG_WARN_INFINITE_RECURSION = YES;
				CLANG_WARN_INT_CONVERSION = YES;
				CLANG_WARN_NON_LITERAL_NULL_CONVERSION = YES;
				CLANG_WARN_OBJC_IMPLICIT_RETAIN_SELF = YES;
				CLANG_WARN_OBJC_LITERAL_CONVERSION = YES;
				CLANG_WARN_OBJC_ROOT_CLASS = YES_ERROR;
				CLANG_WARN_QUOTED_INCLUDE_IN_FRAMEWORK_HEADER = YES;
				CLANG_WARN_RANGE_LOOP_ANALYSIS = YES;
				CLANG_WARN_STRICT_PROTOTYPES = YES;
				CLANG_WARN_SUSPICIOUS_MOVE = YES;
				CLANG_WARN_UNGUARDED_AVAILABILITY = YES_AGGRESSIVE;
				CLANG_WARN_UNREACHABLE_CODE = YES;
				CLANG_WARN__DUPLICATE_METHOD_MATCH = YES;
				COPY_PHASE_STRIP = NO;
				DEBUG_INFORMATION_FORMAT = "dwarf-with-dsym";
				ENABLE_NS_ASSERTIONS = NO;
				ENABLE_STRICT_OBJC_MSGSEND = YES;
				ENABLE_USER_SCRIPT_SANDBOXING = YES;
				GCC_C_LANGUAGE_STANDARD = gnu17;
				GCC_NO_COMMON_BLOCKS = YES;
				GCC_WARN_64_TO_32_BIT_CONVERSION = YES;
				GCC_WARN_ABOUT_RETURN_TYPE = YES_ERROR;
				GCC_WARN_UNDECLARED_SELECTOR = YES;
				GCC_WARN_UNINITIALIZED_AUTOS = YES_AGGRESSIVE;
				GCC_WARN_UNUSED_FUNCTION = YES;
				GCC_WARN_UNUSED_VARIABLE = YES;
				IPHONEOS_DEPLOYMENT_TARGET = 18.2;
				LOCALIZATION_PREFERS_STRING_CATALOGS = YES;
				MTL_ENABLE_DEBUG_INFO = NO;
				MTL_FAST_MATH = YES;
				SDKROOT = iphoneos;
				SWIFT_COMPILATION_MODE = wholemodule;
				VALIDATE_PRODUCT = YES;
			};
			name = Release;
		};
		016AAC7B2D66711A00D1F962 /* Debug */ = {
			isa = XCBuildConfiguration;
			buildSettings = {
				ASSETCATALOG_COMPILER_APPICON_NAME = AppIcon;
				ASSETCATALOG_COMPILER_GLOBAL_ACCENT_COLOR_NAME = AccentColor;
				CODE_SIGN_STYLE = Automatic;
				CURRENT_PROJECT_VERSION = 1;
				DEVELOPMENT_ASSET_PATHS = "\"ChatbotClient/Preview Content\"";
				ENABLE_PREVIEWS = YES;
				GENERATE_INFOPLIST_FILE = YES;
				INFOPLIST_KEY_UIApplicationSceneManifest_Generation = YES;
				INFOPLIST_KEY_UIApplicationSupportsIndirectInputEvents = YES;
				INFOPLIST_KEY_UILaunchScreen_Generation = YES;
				INFOPLIST_KEY_UISupportedInterfaceOrientations_iPad = "UIInterfaceOrientationPortrait UIInterfaceOrientationPortraitUpsideDown UIInterfaceOrientationLandscapeLeft UIInterfaceOrientationLandscapeRight";
				INFOPLIST_KEY_UISupportedInterfaceOrientations_iPhone = "UIInterfaceOrientationPortrait UIInterfaceOrientationLandscapeLeft UIInterfaceOrientationLandscapeRight";
				LD_RUNPATH_SEARCH_PATHS = (
					"$(inherited)",
					"@executable_path/Frameworks",
				);
				MARKETING_VERSION = 1.0;
				PRODUCT_BUNDLE_IDENTIFIER = name.hectorem2.ChatbotClient;
				PRODUCT_NAME = "$(TARGET_NAME)";
				SWIFT_EMIT_LOC_STRINGS = YES;
				SWIFT_VERSION = 5.0;
				TARGETED_DEVICE_FAMILY = "1,2";
			};
			name = Debug;
		};
		016AAC7C2D66711A00D1F962 /* Release */ = {
			isa = XCBuildConfiguration;
			buildSettings = {
				ASSETCATALOG_COMPILER_APPICON_NAME = AppIcon;
				ASSETCATALOG_COMPILER_GLOBAL_ACCENT_COLOR_NAME = AccentColor;
				CODE_SIGN_STYLE = Automatic;
				CURRENT_PROJECT_VERSION = 1;
				DEVELOPMENT_ASSET_PATHS = "\"ChatbotClient/Preview Content\"";
				ENABLE_PREVIEWS = YES;
				GENERATE_INFOPLIST_FILE = YES;
				INFOPLIST_KEY_UIApplicationSceneManifest_Generation = YES;
				INFOPLIST_KEY_UIApplicationSupportsIndirectInputEvents = YES;
				INFOPLIST_KEY_UILaunchScreen_Generation = YES;
				INFOPLIST_KEY_UISupportedInterfaceOrientations_iPad = "UIInterfaceOrientationPortrait UIInterfaceOrientationPortraitUpsideDown UIInterfaceOrientationLandscapeLeft UIInterfaceOrientationLandscapeRight";
				INFOPLIST_KEY_UISupportedInterfaceOrientations_iPhone = "UIInterfaceOrientationPortrait UIInterfaceOrientationLandscapeLeft UIInterfaceOrientationLandscapeRight";
				LD_RUNPATH_SEARCH_PATHS = (
					"$(inherited)",
					"@executable_path/Frameworks",
				);
				MARKETING_VERSION = 1.0;
				PRODUCT_BUNDLE_IDENTIFIER = name.hectorem2.ChatbotClient;
				PRODUCT_NAME = "$(TARGET_NAME)";
				SWIFT_EMIT_LOC_STRINGS = YES;
				SWIFT_VERSION = 5.0;
				TARGETED_DEVICE_FAMILY = "1,2";
			};
			name = Release;
		};
		016AAC7E2D66711A00D1F962 /* Debug */ = {
			isa = XCBuildConfiguration;
			buildSettings = {
				BUNDLE_LOADER = "$(TEST_HOST)";
				CODE_SIGN_STYLE = Automatic;
				CURRENT_PROJECT_VERSION = 1;
				GENERATE_INFOPLIST_FILE = YES;
				IPHONEOS_DEPLOYMENT_TARGET = 18.2;
				MARKETING_VERSION = 1.0;
				PRODUCT_BUNDLE_IDENTIFIER = name.hectorem2.ChatbotClientTests;
				PRODUCT_NAME = "$(TARGET_NAME)";
				SWIFT_EMIT_LOC_STRINGS = NO;
				SWIFT_VERSION = 5.0;
				TARGETED_DEVICE_FAMILY = "1,2";
				TEST_HOST = "$(BUILT_PRODUCTS_DIR)/ChatbotClient.app/$(BUNDLE_EXECUTABLE_FOLDER_PATH)/ChatbotClient";
			};
			name = Debug;
		};
		016AAC7F2D66711A00D1F962 /* Release */ = {
			isa = XCBuildConfiguration;
			buildSettings = {
				BUNDLE_LOADER = "$(TEST_HOST)";
				CODE_SIGN_STYLE = Automatic;
				CURRENT_PROJECT_VERSION = 1;
				GENERATE_INFOPLIST_FILE = YES;
				IPHONEOS_DEPLOYMENT_TARGET = 18.2;
				MARKETING_VERSION = 1.0;
				PRODUCT_BUNDLE_IDENTIFIER = name.hectorem2.ChatbotClientTests;
				PRODUCT_NAME = "$(TARGET_NAME)";
				SWIFT_EMIT_LOC_STRINGS = NO;
				SWIFT_VERSION = 5.0;
				TARGETED_DEVICE_FAMILY = "1,2";
				TEST_HOST = "$(BUILT_PRODUCTS_DIR)/ChatbotClient.app/$(BUNDLE_EXECUTABLE_FOLDER_PATH)/ChatbotClient";
			};
			name = Release;
		};
		016AAC812D66711A00D1F962 /* Debug */ = {
			isa = XCBuildConfiguration;
			buildSettings = {
				CODE_SIGN_STYLE = Automatic;
				CURRENT_PROJECT_VERSION = 1;
				GENERATE_INFOPLIST_FILE = YES;
				MARKETING_VERSION = 1.0;
				PRODUCT_BUNDLE_IDENTIFIER = name.hectorem2.ChatbotClientUITests;
				PRODUCT_NAME = "$(TARGET_NAME)";
				SWIFT_EMIT_LOC_STRINGS = NO;
				SWIFT_VERSION = 5.0;
				TARGETED_DEVICE_FAMILY = "1,2";
				TEST_TARGET_NAME = chatbot;
			};
			name = Debug;
		};
		016AAC822D66711A00D1F962 /* Release */ = {
			isa = XCBuildConfiguration;
			buildSettings = {
				CODE_SIGN_STYLE = Automatic;
				CURRENT_PROJECT_VERSION = 1;
				GENERATE_INFOPLIST_FILE = YES;
				MARKETING_VERSION = 1.0;
				PRODUCT_BUNDLE_IDENTIFIER = name.hectorem2.ChatbotClientUITests;
				PRODUCT_NAME = "$(TARGET_NAME)";
				SWIFT_EMIT_LOC_STRINGS = NO;
				SWIFT_VERSION = 5.0;
				TARGETED_DEVICE_FAMILY = "1,2";
				TEST_TARGET_NAME = chatbot;
			};
			name = Release;
		};
/* End XCBuildConfiguration section */

/* Begin XCConfigurationList section */
		016AAC512D66711800D1F962 /* Build configuration list for PBXProject "ChatbotClient" */ = {
			isa = XCConfigurationList;
			buildConfigurations = (
				016AAC782D66711A00D1F962 /* Debug */,
				016AAC792D66711A00D1F962 /* Release */,
			);
			defaultConfigurationIsVisible = 0;
			defaultConfigurationName = Release;
		};
		016AAC7A2D66711A00D1F962 /* Build configuration list for PBXNativeTarget "ChatbotClient" */ = {
			isa = XCConfigurationList;
			buildConfigurations = (
				016AAC7B2D66711A00D1F962 /* Debug */,
				016AAC7C2D66711A00D1F962 /* Release */,
			);
			defaultConfigurationIsVisible = 0;
			defaultConfigurationName = Release;
		};
		016AAC7D2D66711A00D1F962 /* Build configuration list for PBXNativeTarget "ChatbotClientTests" */ = {
			isa = XCConfigurationList;
			buildConfigurations = (
				016AAC7E2D66711A00D1F962 /* Debug */,
				016AAC7F2D66711A00D1F962 /* Release */,
			);
			defaultConfigurationIsVisible = 0;
			defaultConfigurationName = Release;
		};
		016AAC802D66711A00D1F962 /* Build configuration list for PBXNativeTarget "ChatbotClientUITests" */ = {
			isa = XCConfigurationList;
			buildConfigurations = (
				016AAC812D66711A00D1F962 /* Debug */,
				016AAC822D66711A00D1F962 /* Release */,
			);
			defaultConfigurationIsVisible = 0;
			defaultConfigurationName = Release;
		};
/* End XCConfigurationList section */
	};
	rootObject = 016AAC4E2D66711800D1F962 /* Project object */;
}
